
Microsoft Visual Studio Solution File, Format Version 12.00
# Visual Studio Version 17
VisualStudioVersion = 17.10.35004.147
MinimumVisualStudioVersion = 10.0.40219.1
Project("{9A19103F-16F7-4668-BE54-9A1E7A4F7556}") = "PonesiWebApi", "PonesiWebApi.csproj", "{F45509E9-EC7A-45AB-8AAE-D3038CA9C937}"
EndProject
Project("{FAE04EC0-301F-11D3-BF4B-00C04F79EFBC}") = "PonesiTests", "..\PonesiTests\PonesiTests.csproj", "{87AF57C6-F3BE-4EDD-BE78-A2E328A8387E}"
EndProject
Global
	GlobalSection(SolutionConfigurationPlatforms) = preSolution
		Debug|Any CPU = Debug|Any CPU
		Release|Any CPU = Release|Any CPU
	EndGlobalSection
	GlobalSection(ProjectConfigurationPlatforms) = postSolution
		{F45509E9-EC7A-45AB-8AAE-D3038CA9C937}.Debug|Any CPU.ActiveCfg = Debug|Any CPU
		{F45509E9-EC7A-45AB-8AAE-D3038CA9C937}.Debug|Any CPU.Build.0 = Debug|Any CPU
		{F45509E9-EC7A-45AB-8AAE-D3038CA9C937}.Release|Any CPU.ActiveCfg = Release|Any CPU
		{F45509E9-EC7A-45AB-8AAE-D3038CA9C937}.Release|Any CPU.Build.0 = Release|Any CPU
		{87AF57C6-F3BE-4EDD-BE78-A2E328A8387E}.Debug|Any CPU.ActiveCfg = Debug|Any CPU
		{87AF57C6-F3BE-4EDD-BE78-A2E328A8387E}.Debug|Any CPU.Build.0 = Debug|Any CPU
		{87AF57C6-F3BE-4EDD-BE78-A2E328A8387E}.Release|Any CPU.ActiveCfg = Release|Any CPU
		{87AF57C6-F3BE-4EDD-BE78-A2E328A8387E}.Release|Any CPU.Build.0 = Release|Any CPU
	EndGlobalSection
	GlobalSection(SolutionProperties) = preSolution
		HideSolutionNode = FALSE
	EndGlobalSection
	GlobalSection(ExtensibilityGlobals) = postSolution
		SolutionGuid = {8E6AAC13-B750-40EE-864E-873937106F77}
	EndGlobalSection
EndGlobal
